
Microsoft Visual Studio Solution File, Format Version 12.00
# Visual Studio Version 17
VisualStudioVersion = 17.10.35122.118
MinimumVisualStudioVersion = 10.0.40219.1
Project("{FAE04EC0-301F-11D3-BF4B-00C04F79EFBC}") = "UmbracoCmsOnatrix", "UmbracoCmsOnatrix\UmbracoCmsOnatrix.csproj", "{9FDA2DE0-8663-4B55-947E-A74ED685E09B}"
EndProject
Global
	GlobalSection(SolutionConfigurationPlatforms) = preSolution
		Debug|Any CPU = Debug|Any CPU
		Release|Any CPU = Release|Any CPU
	EndGlobalSection
	GlobalSection(ProjectConfigurationPlatforms) = postSolution
		{9FDA2DE0-8663-4B55-947E-A74ED685E09B}.Debug|Any CPU.ActiveCfg = Debug|Any CPU
		{9FDA2DE0-8663-4B55-947E-A74ED685E09B}.Debug|Any CPU.Build.0 = Debug|Any CPU
		{9FDA2DE0-8663-4B55-947E-A74ED685E09B}.Release|Any CPU.ActiveCfg = Release|Any CPU
		{9FDA2DE0-8663-4B55-947E-A74ED685E09B}.Release|Any CPU.Build.0 = Release|Any CPU
	EndGlobalSection
	GlobalSection(SolutionProperties) = preSolution
		HideSolutionNode = FALSE
	EndGlobalSection
	GlobalSection(ExtensibilityGlobals) = postSolution
		SolutionGuid = {29F56998-0228-47B2-B764-ED3ACF57D1ED}
	EndGlobalSection
EndGlobal
